
Microsoft Visual Studio Solution File, Format Version 12.00
# Visual Studio Version 16
VisualStudioVersion = 16.0.29519.181
MinimumVisualStudioVersion = 10.0.40219.1
Project("{FAE04EC0-301F-11D3-BF4B-00C04F79EFBC}") = "Fifth Week", "Fifth Week\Fifth Week.csproj", "{876915DF-35D4-437F-8D35-621CB3F1EB03}"
EndProject
Global
	GlobalSection(SolutionConfigurationPlatforms) = preSolution
		Debug|Any CPU = Debug|Any CPU
		Release|Any CPU = Release|Any CPU
	EndGlobalSection
	GlobalSection(ProjectConfigurationPlatforms) = postSolution
		{876915DF-35D4-437F-8D35-621CB3F1EB03}.Debug|Any CPU.ActiveCfg = Debug|Any CPU
		{876915DF-35D4-437F-8D35-621CB3F1EB03}.Debug|Any CPU.Build.0 = Debug|Any CPU
		{876915DF-35D4-437F-8D35-621CB3F1EB03}.Release|Any CPU.ActiveCfg = Release|Any CPU
		{876915DF-35D4-437F-8D35-621CB3F1EB03}.Release|Any CPU.Build.0 = Release|Any CPU
	EndGlobalSection
	GlobalSection(SolutionProperties) = preSolution
		HideSolutionNode = FALSE
	EndGlobalSection
	GlobalSection(ExtensibilityGlobals) = postSolution
		SolutionGuid = {82A7B683-9E97-4550-BA47-7761EB73EA6F}
	EndGlobalSection
EndGlobal
